Microsoft Visual Studio Solution File, Format Version 12.00
# Visual Studio Version 16
VisualStudioVersion = 16.0.29806.167
MinimumVisualStudioVersion = 10.0.40219.1
Project("{FAE04EC0-301F-11D3-BF4B-00C04F79EFBC}") = "MyDimDim.Android", "MyDimDim.Android\MyDimDim.Android.csproj", "{279D384F-70B8-4699-9DCE-52DD7E54819E}"
EndProject
Project("{FAE04EC0-301F-11D3-BF4B-00C04F79EFBC}") = "MyDimDim.iOS", "MyDimDim.iOS\MyDimDim.iOS.csproj", "{D9D9707E-0786-42A0-BA53-F18F70779F78}"
EndProject
Project("{9A19103F-16F7-4668-BE54-9A1E7A4F7556}") = "MyDimDim", "MyDimDim\MyDimDim.csproj", "{688321C7-61A5-493F-9A5B-6DB28E4C3955}"
EndProject
Global
	GlobalSection(SolutionConfigurationPlatforms) = preSolution
		Debug|Any CPU = Debug|Any CPU
		Debug|iPhone = Debug|iPhone
		Debug|iPhoneSimulator = Debug|iPhoneSimulator
		Release|Any CPU = Release|Any CPU
		Release|iPhone = Release|iPhone
		Release|iPhoneSimulator = Release|iPhoneSimulator
	EndGlobalSection
	GlobalSection(ProjectConfigurationPlatforms) = postSolution
		{279D384F-70B8-4699-9DCE-52DD7E54819E}.Debug|Any CPU.ActiveCfg = Debug|Any CPU
		{279D384F-70B8-4699-9DCE-52DD7E54819E}.Debug|Any CPU.Build.0 = Debug|Any CPU
		{279D384F-70B8-4699-9DCE-52DD7E54819E}.Debug|Any CPU.Deploy.0 = Debug|Any CPU
		{279D384F-70B8-4699-9DCE-52DD7E54819E}.Debug|iPhone.ActiveCfg = Debug|Any CPU
		{279D384F-70B8-4699-9DCE-52DD7E54819E}.Debug|iPhone.Build.0 = Debug|Any CPU
		{279D384F-70B8-4699-9DCE-52DD7E54819E}.Debug|iPhoneSimulator.ActiveCfg = Debug|Any CPU
		{279D384F-70B8-4699-9DCE-52DD7E54819E}.Debug|iPhoneSimulator.Build.0 = Debug|Any CPU
		{279D384F-70B8-4699-9DCE-52DD7E54819E}.Release|Any CPU.ActiveCfg = Release|Any CPU
		{279D384F-70B8-4699-9DCE-52DD7E54819E}.Release|Any CPU.Build.0 = Release|Any CPU
		{279D384F-70B8-4699-9DCE-52DD7E54819E}.Release|iPhone.ActiveCfg = Release|Any CPU
		{279D384F-70B8-4699-9DCE-52DD7E54819E}.Release|iPhone.Build.0 = Release|Any CPU
		{279D384F-70B8-4699-9DCE-52DD7E54819E}.Release|iPhoneSimulator.ActiveCfg = Release|Any CPU
		{279D384F-70B8-4699-9DCE-52DD7E54819E}.Release|iPhoneSimulator.Build.0 = Release|Any CPU
		{D9D9707E-0786-42A0-BA53-F18F70779F78}.Debug|Any CPU.ActiveCfg = Debug|iPhoneSimulator
		{D9D9707E-0786-42A0-BA53-F18F70779F78}.Debug|Any CPU.Build.0 = Debug|iPhoneSimulator
		{D9D9707E-0786-42A0-BA53-F18F70779F78}.Debug|iPhone.ActiveCfg = Debug|iPhone
		{D9D9707E-0786-42A0-BA53-F18F70779F78}.Debug|iPhone.Build.0 = Debug|iPhone
		{D9D9707E-0786-42A0-BA53-F18F70779F78}.Debug|iPhoneSimulator.ActiveCfg = Debug|iPhoneSimulator
		{D9D9707E-0786-42A0-BA53-F18F70779F78}.Debug|iPhoneSimulator.Build.0 = Debug|iPhoneSimulator
		{D9D9707E-0786-42A0-BA53-F18F70779F78}.Release|Any CPU.ActiveCfg = Release|iPhoneSimulator
		{D9D9707E-0786-42A0-BA53-F18F70779F78}.Release|Any CPU.Build.0 = Release|iPhoneSimulator
		{D9D9707E-0786-42A0-BA53-F18F70779F78}.Release|iPhone.ActiveCfg = Release|iPhone
		{D9D9707E-0786-42A0-BA53-F18F70779F78}.Release|iPhone.Build.0 = Release|iPhone
		{D9D9707E-0786-42A0-BA53-F18F70779F78}.Release|iPhoneSimulator.ActiveCfg = Release|iPhoneSimulator
		{D9D9707E-0786-42A0-BA53-F18F70779F78}.Release|iPhoneSimulator.Build.0 = Release|iPhoneSimulator
		{688321C7-61A5-493F-9A5B-6DB28E4C3955}.Debug|Any CPU.ActiveCfg = Debug|Any CPU
		{688321C7-61A5-493F-9A5B-6DB28E4C3955}.Debug|Any CPU.Build.0 = Debug|Any CPU
		{688321C7-61A5-493F-9A5B-6DB28E4C3955}.Debug|iPhone.ActiveCfg = Debug|Any CPU
		{688321C7-61A5-493F-9A5B-6DB28E4C3955}.Debug|iPhone.Build.0 = Debug|Any CPU
		{688321C7-61A5-493F-9A5B-6DB28E4C3955}.Debug|iPhoneSimulator.ActiveCfg = Debug|Any CPU
		{688321C7-61A5-493F-9A5B-6DB28E4C3955}.Debug|iPhoneSimulator.Build.0 = Debug|Any CPU
		{688321C7-61A5-493F-9A5B-6DB28E4C3955}.Release|Any CPU.ActiveCfg = Release|Any CPU
		{688321C7-61A5-493F-9A5B-6DB28E4C3955}.Release|Any CPU.Build.0 = Release|Any CPU
		{688321C7-61A5-493F-9A5B-6DB28E4C3955}.Release|iPhone.ActiveCfg = Release|Any CPU
		{688321C7-61A5-493F-9A5B-6DB28E4C3955}.Release|iPhone.Build.0 = Release|Any CPU
		{688321C7-61A5-493F-9A5B-6DB28E4C3955}.Release|iPhoneSimulator.ActiveCfg = Release|Any CPU
		{688321C7-61A5-493F-9A5B-6DB28E4C3955}.Release|iPhoneSimulator.Build.0 = Release|Any CPU
	EndGlobalSection
	GlobalSection(SolutionProperties) = preSolution
		HideSolutionNode = FALSE
	EndGlobalSection
	GlobalSection(ExtensibilityGlobals) = postSolution
		SolutionGuid = {52B766FC-8BEA-406B-8B02-5AF31FD23EC0}
	EndGlobalSection
EndGlobal
